
Microsoft Visual Studio Solution File, Format Version 12.00
# Visual Studio Version 17
VisualStudioVersion = 17.1.32421.90
MinimumVisualStudioVersion = 10.0.40219.1
Project("{FAE04EC0-301F-11D3-BF4B-00C04F79EFBC}") = "TeacherAssisstantBE", "TeacherAssisstantBE\TeacherAssisstantBE.csproj", "{C9081D00-1663-43E1-A033-1869CC49D3BD}"
EndProject
Global
	GlobalSection(SolutionConfigurationPlatforms) = preSolution
		Debug|Any CPU = Debug|Any CPU
		Release|Any CPU = Release|Any CPU
	EndGlobalSection
	GlobalSection(ProjectConfigurationPlatforms) = postSolution
		{C9081D00-1663-43E1-A033-1869CC49D3BD}.Debug|Any CPU.ActiveCfg = Debug|Any CPU
		{C9081D00-1663-43E1-A033-1869CC49D3BD}.Debug|Any CPU.Build.0 = Debug|Any CPU
		{C9081D00-1663-43E1-A033-1869CC49D3BD}.Release|Any CPU.ActiveCfg = Release|Any CPU
		{C9081D00-1663-43E1-A033-1869CC49D3BD}.Release|Any CPU.Build.0 = Release|Any CPU
	EndGlobalSection
	GlobalSection(SolutionProperties) = preSolution
		HideSolutionNode = FALSE
	EndGlobalSection
	GlobalSection(ExtensibilityGlobals) = postSolution
		SolutionGuid = {51100B3E-5EDD-49E2-9F3D-237D38DFFE75}
	EndGlobalSection
EndGlobal
